schema: '2.0'
stages:
  train:
    cmd: python train.py
    deps:
    - path: train.py
      hash: md5
      md5: 1e37590c0abb6b519fe970e67962990d
      size: 13150
    outs:
    - path: data/returns_data.csv
      hash: md5
      md5: bdc5159af90b66a0be208e5d37241dc0
      size: 4308
    - path: data/stock_data.csv
      hash: md5
      md5: d09c5387180202845285584fed1d5e15
      size: 1696
    - path: mlruns
      hash: md5
      md5: fe04ddab17077ca12f7d02f4348ddffe.dir
      size: 28563
      nfiles: 90
    - path: models/portfolio_model.joblib
      hash: md5
      md5: ea4656d95e669faf0fe71ea75250d583
      size: 442
    - path: results/metrics.json
      hash: md5
      md5: 31766a0397780962d7d4dae18cb33e55
      size: 151
    - path: results/portfolio_allocation.png
      hash: md5
      md5: df5ababa3067ed95c93b827ac56bd8c0
      size: 23767
